
Microsoft Visual Studio Solution File, Format Version 12.00
# Visual Studio Version 17
VisualStudioVersion = 17.0.31903.59
MinimumVisualStudioVersion = 10.0.40219.1
Project("{FAE04EC0-301F-11D3-BF4B-00C04F79EFBC}") = "API", "API\API.csproj", "{9630F18E-D539-4C2C-B291-AD013BE8830B}"
EndProject
Project("{FAE04EC0-301F-11D3-BF4B-00C04F79EFBC}") = "Core", "Core\Core.csproj", "{8273C6C5-7DCC-42C2-8DF1-F72DB172C70F}"
EndProject
Project("{FAE04EC0-301F-11D3-BF4B-00C04F79EFBC}") = "Infrastructure", "Infrastructure\Infrastructure.csproj", "{916B7892-7759-4EA1-AEEB-EA3B4A4127DC}"
EndProject
Global
	GlobalSection(SolutionConfigurationPlatforms) = preSolution
		Debug|Any CPU = Debug|Any CPU
		Release|Any CPU = Release|Any CPU
	EndGlobalSection
	GlobalSection(SolutionProperties) = preSolution
		HideSolutionNode = FALSE
	EndGlobalSection
	GlobalSection(ProjectConfigurationPlatforms) = postSolution
		{9630F18E-D539-4C2C-B291-AD013BE8830B}.Debug|Any CPU.ActiveCfg = Debug|Any CPU
		{9630F18E-D539-4C2C-B291-AD013BE8830B}.Debug|Any CPU.Build.0 = Debug|Any CPU
		{9630F18E-D539-4C2C-B291-AD013BE8830B}.Release|Any CPU.ActiveCfg = Release|Any CPU
		{9630F18E-D539-4C2C-B291-AD013BE8830B}.Release|Any CPU.Build.0 = Release|Any CPU
		{8273C6C5-7DCC-42C2-8DF1-F72DB172C70F}.Debug|Any CPU.ActiveCfg = Debug|Any CPU
		{8273C6C5-7DCC-42C2-8DF1-F72DB172C70F}.Debug|Any CPU.Build.0 = Debug|Any CPU
		{8273C6C5-7DCC-42C2-8DF1-F72DB172C70F}.Release|Any CPU.ActiveCfg = Release|Any CPU
		{8273C6C5-7DCC-42C2-8DF1-F72DB172C70F}.Release|Any CPU.Build.0 = Release|Any CPU
		{916B7892-7759-4EA1-AEEB-EA3B4A4127DC}.Debug|Any CPU.ActiveCfg = Debug|Any CPU
		{916B7892-7759-4EA1-AEEB-EA3B4A4127DC}.Debug|Any CPU.Build.0 = Debug|Any CPU
		{916B7892-7759-4EA1-AEEB-EA3B4A4127DC}.Release|Any CPU.ActiveCfg = Release|Any CPU
		{916B7892-7759-4EA1-AEEB-EA3B4A4127DC}.Release|Any CPU.Build.0 = Release|Any CPU
	EndGlobalSection
EndGlobal
